
Microsoft Visual Studio Solution File, Format Version 12.00
# Visual Studio Version 17
VisualStudioVersion = 17.0.31903.59
MinimumVisualStudioVersion = 10.0.40219.1
Project("{2150E333-8FDC-42A3-9474-1A3956D46DE8}") = "src", "src", "{827E0CD3-B72D-47B6-A68D-7590B98EB39B}"
EndProject
Project("{FAE04EC0-301F-11D3-BF4B-00C04F79EFBC}") = "Ozakboy.Line", "src\Ozakboy.Line\Ozakboy.Line.csproj", "{F8204F30-B395-4621-B118-89DE607E61F6}"
EndProject
Project("{FAE04EC0-301F-11D3-BF4B-00C04F79EFBC}") = "Ozakboy.Line.AspNetCore", "src\Ozakboy.Line.AspNetCore\Ozakboy.Line.AspNetCore.csproj", "{1A60820D-1A0C-4EA9-A266-14EA51E2D4C3}"
EndProject
Project("{2150E333-8FDC-42A3-9474-1A3956D46DE8}") = "tests", "tests", "{0AB3BF05-4346-4AA6-1389-037BE0695223}"
EndProject
Project("{FAE04EC0-301F-11D3-BF4B-00C04F79EFBC}") = "Ozakboy.Line.Tests", "tests\Ozakboy.Line.Tests\Ozakboy.Line.Tests.csproj", "{880C1089-A1F9-4DEF-975B-84F027AA0F79}"
EndProject
Project("{FAE04EC0-301F-11D3-BF4B-00C04F79EFBC}") = "Ozakboy.Line.AspNetCore.Tests", "tests\Ozakboy.Line.AspNetCore.Tests\Ozakboy.Line.AspNetCore.Tests.csproj", "{22D24BFD-F8A3-4013-9189-9EDF64AC035F}"
EndProject
Global
	GlobalSection(SolutionConfigurationPlatforms) = preSolution
		Debug|Any CPU = Debug|Any CPU
		Debug|x64 = Debug|x64
		Debug|x86 = Debug|x86
		Release|Any CPU = Release|Any CPU
		Release|x64 = Release|x64
		Release|x86 = Release|x86
	EndGlobalSection
	GlobalSection(ProjectConfigurationPlatforms) = postSolution
		{F8204F30-B395-4621-B118-89DE607E61F6}.Debug|Any CPU.ActiveCfg = Debug|Any CPU
		{F8204F30-B395-4621-B118-89DE607E61F6}.Debug|Any CPU.Build.0 = Debug|Any CPU
		{F8204F30-B395-4621-B118-89DE607E61F6}.Debug|x64.ActiveCfg = Debug|Any CPU
		{F8204F30-B395-4621-B118-89DE607E61F6}.Debug|x64.Build.0 = Debug|Any CPU
		{F8204F30-B395-4621-B118-89DE607E61F6}.Debug|x86.ActiveCfg = Debug|Any CPU
		{F8204F30-B395-4621-B118-89DE607E61F6}.Debug|x86.Build.0 = Debug|Any CPU
		{F8204F30-B395-4621-B118-89DE607E61F6}.Release|Any CPU.ActiveCfg = Release|Any CPU
		{F8204F30-B395-4621-B118-89DE607E61F6}.Release|Any CPU.Build.0 = Release|Any CPU
		{F8204F30-B395-4621-B118-89DE607E61F6}.Release|x64.ActiveCfg = Release|Any CPU
		{F8204F30-B395-4621-B118-89DE607E61F6}.Release|x64.Build.0 = Release|Any CPU
		{F8204F30-B395-4621-B118-89DE607E61F6}.Release|x86.ActiveCfg = Release|Any CPU
		{F8204F30-B395-4621-B118-89DE607E61F6}.Release|x86.Build.0 = Release|Any CPU
		{1A60820D-1A0C-4EA9-A266-14EA51E2D4C3}.Debug|Any CPU.ActiveCfg = Debug|Any CPU
		{1A60820D-1A0C-4EA9-A266-14EA51E2D4C3}.Debug|Any CPU.Build.0 = Debug|Any CPU
		{1A60820D-1A0C-4EA9-A266-14EA51E2D4C3}.Debug|x64.ActiveCfg = Debug|Any CPU
		{1A60820D-1A0C-4EA9-A266-14EA51E2D4C3}.Debug|x64.Build.0 = Debug|Any CPU
		{1A60820D-1A0C-4EA9-A266-14EA51E2D4C3}.Debug|x86.ActiveCfg = Debug|Any CPU
		{1A60820D-1A0C-4EA9-A266-14EA51E2D4C3}.Debug|x86.Build.0 = Debug|Any CPU
		{1A60820D-1A0C-4EA9-A266-14EA51E2D4C3}.Release|Any CPU.ActiveCfg = Release|Any CPU
		{1A60820D-1A0C-4EA9-A266-14EA51E2D4C3}.Release|Any CPU.Build.0 = Release|Any CPU
		{1A60820D-1A0C-4EA9-A266-14EA51E2D4C3}.Release|x64.ActiveCfg = Release|Any CPU
		{1A60820D-1A0C-4EA9-A266-14EA51E2D4C3}.Release|x64.Build.0 = Release|Any CPU
		{1A60820D-1A0C-4EA9-A266-14EA51E2D4C3}.Release|x86.ActiveCfg = Release|Any CPU
		{1A60820D-1A0C-4EA9-A266-14EA51E2D4C3}.Release|x86.Build.0 = Release|Any CPU
		{880C1089-A1F9-4DEF-975B-84F027AA0F79}.Debug|Any CPU.ActiveCfg = Debug|Any CPU
		{880C1089-A1F9-4DEF-975B-84F027AA0F79}.Debug|Any CPU.Build.0 = Debug|Any CPU
		{880C1089-A1F9-4DEF-975B-84F027AA0F79}.Debug|x64.ActiveCfg = Debug|Any CPU
		{880C1089-A1F9-4DEF-975B-84F027AA0F79}.Debug|x64.Build.0 = Debug|Any CPU
		{880C1089-A1F9-4DEF-975B-84F027AA0F79}.Debug|x86.ActiveCfg = Debug|Any CPU
		{880C1089-A1F9-4DEF-975B-84F027AA0F79}.Debug|x86.Build.0 = Debug|Any CPU
		{880C1089-A1F9-4DEF-975B-84F027AA0F79}.Release|Any CPU.ActiveCfg = Release|Any CPU
		{880C1089-A1F9-4DEF-975B-84F027AA0F79}.Release|Any CPU.Build.0 = Release|Any CPU
		{880C1089-A1F9-4DEF-975B-84F027AA0F79}.Release|x64.ActiveCfg = Release|Any CPU
		{880C1089-A1F9-4DEF-975B-84F027AA0F79}.Release|x64.Build.0 = Release|Any CPU
		{880C1089-A1F9-4DEF-975B-84F027AA0F79}.Release|x86.ActiveCfg = Release|Any CPU
		{880C1089-A1F9-4DEF-975B-84F027AA0F79}.Release|x86.Build.0 = Release|Any CPU
		{22D24BFD-F8A3-4013-9189-9EDF64AC035F}.Debug|Any CPU.ActiveCfg = Debug|Any CPU
		{22D24BFD-F8A3-4013-9189-9EDF64AC035F}.Debug|Any CPU.Build.0 = Debug|Any CPU
		{22D24BFD-F8A3-4013-9189-9EDF64AC035F}.Debug|x64.ActiveCfg = Debug|Any CPU
		{22D24BFD-F8A3-4013-9189-9EDF64AC035F}.Debug|x64.Build.0 = Debug|Any CPU
		{22D24BFD-F8A3-4013-9189-9EDF64AC035F}.Debug|x86.ActiveCfg = Debug|Any CPU
		{22D24BFD-F8A3-4013-9189-9EDF64AC035F}.Debug|x86.Build.0 = Debug|Any CPU
		{22D24BFD-F8A3-4013-9189-9EDF64AC035F}.Release|Any CPU.ActiveCfg = Release|Any CPU
		{22D24BFD-F8A3-4013-9189-9EDF64AC035F}.Release|Any CPU.Build.0 = Release|Any CPU
		{22D24BFD-F8A3-4013-9189-9EDF64AC035F}.Release|x64.ActiveCfg = Release|Any CPU
		{22D24BFD-F8A3-4013-9189-9EDF64AC035F}.Release|x64.Build.0 = Release|Any CPU
		{22D24BFD-F8A3-4013-9189-9EDF64AC035F}.Release|x86.ActiveCfg = Release|Any CPU
		{22D24BFD-F8A3-4013-9189-9EDF64AC035F}.Release|x86.Build.0 = Release|Any CPU
	EndGlobalSection
	GlobalSection(SolutionProperties) = preSolution
		HideSolutionNode = FALSE
	EndGlobalSection
	GlobalSection(NestedProjects) = preSolution
		{F8204F30-B395-4621-B118-89DE607E61F6} = {827E0CD3-B72D-47B6-A68D-7590B98EB39B}
		{1A60820D-1A0C-4EA9-A266-14EA51E2D4C3} = {827E0CD3-B72D-47B6-A68D-7590B98EB39B}
		{880C1089-A1F9-4DEF-975B-84F027AA0F79} = {0AB3BF05-4346-4AA6-1389-037BE0695223}
		{22D24BFD-F8A3-4013-9189-9EDF64AC035F} = {0AB3BF05-4346-4AA6-1389-037BE0695223}
	EndGlobalSection
EndGlobal
